
Microsoft Visual Studio Solution File, Format Version 12.00
Project("{FAE04EC0-301F-11D3-BF4B-00C04F79EFBC}") = "A2SV - Blog Console App", "A2SV - Blog Console App\A2SV - Blog Console App.csproj", "{C277C7C5-AD31-4D9B-B3B3-7CD492A5BEA9}"
EndProject
Project("{FAE04EC0-301F-11D3-BF4B-00C04F79EFBC}") = "Tests", "Tests\Tests.csproj", "{498B28E6-9DB4-43A3-AC93-4D536025D0CF}"
EndProject
Global
	GlobalSection(SolutionConfigurationPlatforms) = preSolution
		Debug|Any CPU = Debug|Any CPU
		Release|Any CPU = Release|Any CPU
	EndGlobalSection
	GlobalSection(ProjectConfigurationPlatforms) = postSolution
		{C277C7C5-AD31-4D9B-B3B3-7CD492A5BEA9}.Debug|Any CPU.ActiveCfg = Debug|Any CPU
		{C277C7C5-AD31-4D9B-B3B3-7CD492A5BEA9}.Debug|Any CPU.Build.0 = Debug|Any CPU
		{C277C7C5-AD31-4D9B-B3B3-7CD492A5BEA9}.Release|Any CPU.ActiveCfg = Release|Any CPU
		{C277C7C5-AD31-4D9B-B3B3-7CD492A5BEA9}.Release|Any CPU.Build.0 = Release|Any CPU
		{498B28E6-9DB4-43A3-AC93-4D536025D0CF}.Debug|Any CPU.ActiveCfg = Debug|Any CPU
		{498B28E6-9DB4-43A3-AC93-4D536025D0CF}.Debug|Any CPU.Build.0 = Debug|Any CPU
		{498B28E6-9DB4-43A3-AC93-4D536025D0CF}.Release|Any CPU.ActiveCfg = Release|Any CPU
		{498B28E6-9DB4-43A3-AC93-4D536025D0CF}.Release|Any CPU.Build.0 = Release|Any CPU
	EndGlobalSection
EndGlobal
